# release arch digest -- generated by 'REFRESH=1 debian/build-oci.py', do not hand-edit
bookworm amd64 sha256:2f65600e1252c5649d2213e1d1ea4d74253d26514dc6530102a875e429245929
bookworm arm64 sha256:5eac3978974cfa26a880057766c683e55c5763355d30a8beecbd263e0e1621d9
trixie amd64 sha256:6788062a1b42ac281f053ac876170b79a3eaed5d61383b8ed7eaca6c6965f3b1
trixie arm64 sha256:0aa0908407cce3da2a90c1d80acc6ca5ca57401ed63eecfa8149b7ba3cc40829
