# image arch digest -- generated by 'REFRESH=1 debian/build-vault-image.py', do not hand-edit
docker.io/library/golang:1.26.6 amd64 sha256:23fdfd3a6abc97c81e32a724cdd1cf541c06c416eb04d717815f4ed7c75623d0
docker.io/library/golang:1.26.6 arm64 sha256:a0c0dd6888e2a1df54a00fcafe855e3035dcf9b5733cdf803d6ccf70a56df809
docker.io/openbao/openbao:2.6.2 amd64 sha256:e29524ba7c3f20d01f562c481e3eccbad6c91df45a2f2531433da4951e408cff
docker.io/openbao/openbao:2.6.2 arm64 sha256:c3c4bcd0ecf54fd5256881e85f3c0dba97d540e024da3c18504e5f1fce1e981a
